
Microsoft Visual Studio Solution File, Format Version 12.00
# Visual Studio 15
VisualStudioVersion = 15.0.28307.136
MinimumVisualStudioVersion = 10.0.40219.1
Project("{FAE04EC0-301F-11D3-BF4B-00C04F79EFBC}") = "Web-Scraping-API", "Web-Scraping-API\Web-Scraping-API.csproj", "{CCCE0916-36A1-4367-AB45-01D9CD207C07}"
EndProject
Global
	GlobalSection(SolutionConfigurationPlatforms) = preSolution
		Debug|Any CPU = Debug|Any CPU
		Release|Any CPU = Release|Any CPU
	EndGlobalSection
	GlobalSection(ProjectConfigurationPlatforms) = postSolution
		{CCCE0916-36A1-4367-AB45-01D9CD207C07}.Debug|Any CPU.ActiveCfg = Debug|Any CPU
		{CCCE0916-36A1-4367-AB45-01D9CD207C07}.Debug|Any CPU.Build.0 = Debug|Any CPU
		{CCCE0916-36A1-4367-AB45-01D9CD207C07}.Release|Any CPU.ActiveCfg = Release|Any CPU
		{CCCE0916-36A1-4367-AB45-01D9CD207C07}.Release|Any CPU.Build.0 = Release|Any CPU
	EndGlobalSection
	GlobalSection(SolutionProperties) = preSolution
		HideSolutionNode = FALSE
	EndGlobalSection
	GlobalSection(ExtensibilityGlobals) = postSolution
		SolutionGuid = {43BA4B2D-4CC5-4752-AE29-45CF23967B25}
	EndGlobalSection
EndGlobal
